{
  "requires": true,
  "lockfileVersion": 1,
  "dependencies": {
    "react-native-image-picker": {
      "version": "0.26.10",
      "resolved": "https://registry.npmjs.org/react-native-image-picker/-/react-native-image-picker-0.26.10.tgz",
      "integrity": "sha512-z6gAbru2E6SyGWm4ZTbiM9hPHZ5Tsl9kXGfRxW6YQXf9us7zybKoS7dKE1fQPsssv/OSvpPDKannJNncE+ATRA=="
    }
  }
}
